lockfileVersion: '6.0'

settings:
  autoInstallPeers: true
  excludeLinksFromLockfile: false

dependencies:
  framer-motion:
    specifier: ^11.1.7
    version: 11.1.7

packages:

  /framer-motion@11.1.7:
    resolution: {integrity: sha512-cW11Pu53eDAXUEhv5hEiWuIXWhfkbV32PlgVISn7jRdcAiVrJ1S03YQQ0/DzoswGYYwKi4qYmHHjCzAH52eSdQ==}
    peerDependencies:
      '@emotion/is-prop-valid': '*'
      react: ^18.0.0
      react-dom: ^18.0.0
    peerDependenciesMeta:
      '@emotion/is-prop-valid':
        optional: true
      react:
        optional: true
      react-dom:
        optional: true
    dependencies:
      tslib: 2.6.2
    dev: false

  /tslib@2.6.2:
    resolution: {integrity: sha512-AEYxH93jGFPn/a2iVAwW87VuUIkR1FVUKB77NwMF7nBTDkDrrT/Hpt/IrCJ0QXhW27jTBDcf5ZY7w6RiqTMw2Q==}
    dev: false
