{
  "name": "node-example",
  "version": "1.0.0",
  "lockfileVersion": 3,
  "requires": true,
  "packages": {
    "": {
      "name": "node-example",
      "version": "1.0.0",
      "license": "ISC",
      "dependencies": {
        "zknotary-parsers": "^1.0.0",
        "zknotary-verifier": "^1.0.0"
      }
    },
    "node_modules/zknotary-parsers": {
      "version": "1.0.0",
      "resolved": "https://registry.npmjs.org/zknotary-parsers/-/zknotary-parsers-1.0.0.tgz",
      "integrity": "sha512-HknEfAn3B0Pw6xngYsFzG0/DCldDD3H5TMOYW6+iwr1RUZLO2OY4PofDQ6ub86hsNlEBfZfI4Ifzh2+d4JrYUA=="
    },
    "node_modules/zknotary-verifier": {
      "version": "1.0.0",
      "resolved": "https://registry.npmjs.org/zknotary-verifier/-/zknotary-verifier-1.0.0.tgz",
      "integrity": "sha512-ZjpCpUy48XZRKTNRxJGX0v4kIHCL3f2PX801XUSq3qQ0eHi8cwn63MK7/1ibhKDg8k4sp334x5YnTjX6MTcfZA=="
    }
  }
}
